PODS:
  - Alamofire (4.6.0)
  - SpreadsheetView (0.8.4)
  - SwiftLint (0.24.2)
  - SwiftyJSON (4.0.0)

DEPENDENCIES:
  - Alamofire (~> 4.5)
  - SpreadsheetView
  - SwiftLint
  - SwiftyJSON

SPEC CHECKSUMS:
  Alamofire: f41a599bd63041760b26d393ec1069d9d7b917f4
  SpreadsheetView: 17c55b6dc82099993cc2ceb818248d19f3220998
  SwiftLint: 2aa21b96c8d13396a051bc1cb659d2ce1e0075b0
  SwiftyJSON: 070dabdcb1beb81b247c65ffa3a79dbbfb3b48aa

PODFILE CHECKSUM: 71dcc804402050061dd6519215e51ce9742e7ac7

COCOAPODS: 1.2.1
